<?xml version="1.0" encoding="UTF-8" standalone="yes" ?>
<CodeBlocks_project_file>
	<FileVersion major="1" minor="6" />
	<Project>
		<Option title="CodeBlocks Project Hotel" />
		<Option pch_mode="2" />
		<Option compiler="gcc" />
		<Build>
			<Target title="Debug">
				<Option output="bin/Debug/CodeBlocks Project Hotel" prefix_auto="1" extension_auto="1" />
				<Option object_output="obj/Debug/" />
				<Option type="1" />
				<Option compiler="gcc" />
				<Compiler>
					<Add option="-g" />
					<Add directory="include" />
				</Compiler>
			</Target>
			<Target title="Release">
				<Option output="bin/Release/CodeBlocks Project Hotel" prefix_auto="1" extension_auto="1" />
				<Option object_output="obj/Release/" />
				<Option type="1" />
				<Option compiler="gcc" />
				<Compiler>
					<Add option="-O2" />
					<Add directory="include" />
				</Compiler>
				<Linker>
					<Add option="-s" />
				</Linker>
			</Target>
		</Build>
		<Compiler>
			<Add option="-Wall" />
			<Add option="-fexceptions" />
		</Compiler>
		<Unit filename="include/Booking.h" />
		<Unit filename="include/Hotel.h" />
		<Unit filename="include/Room.h" />
		<Unit filename="include/RoomTypeA.h" />
		<Unit filename="include/RoomTypeB.h" />
		<Unit filename="include/RoomTypeC.h" />
		<Unit filename="include/RoomTypeD.h" />
		<Unit filename="include/RoomTypeE.h" />
		<Unit filename="main.cpp" />
		<Unit filename="src/Booking.cpp" />
		<Unit filename="src/Hotel.cpp" />
		<Unit filename="src/Room.cpp" />
		<Unit filename="src/RoomTypeA.cpp" />
		<Unit filename="src/RoomTypeB.cpp" />
		<Unit filename="src/RoomTypeC.cpp" />
		<Unit filename="src/RoomTypeD.cpp" />
		<Unit filename="src/RoomTypeE.cpp" />
		<Extensions>
			<code_completion />
			<envvars />
			<debugger />
			<lib_finder disable_auto="1" />
		</Extensions>
	</Project>
</CodeBlocks_project_file>
