
Microsoft Visual Studio Solution File, Format Version 12.00
# Visual Studio Version 16
VisualStudioVersion = 16.0.30717.126
MinimumVisualStudioVersion = 10.0.40219.1
Project("{FAE04EC0-301F-11D3-BF4B-00C04F79EFBC}") = "AnaparastasiGnosis", "AnaparastasiGnosis.csproj", "{A9F267F3-3107-4F33-BD5E-BA017904433F}"
EndProject
Global
	GlobalSection(SolutionConfigurationPlatforms) = preSolution
		Debug|Any CPU = Debug|Any CPU
		Release|Any CPU = Release|Any CPU
	EndGlobalSection
	GlobalSection(ProjectConfigurationPlatforms) = postSolution
		{A9F267F3-3107-4F33-BD5E-BA017904433F}.Debug|Any CPU.ActiveCfg = Debug|Any CPU
		{A9F267F3-3107-4F33-BD5E-BA017904433F}.Debug|Any CPU.Build.0 = Debug|Any CPU
		{A9F267F3-3107-4F33-BD5E-BA017904433F}.Release|Any CPU.ActiveCfg = Release|Any CPU
		{A9F267F3-3107-4F33-BD5E-BA017904433F}.Release|Any CPU.Build.0 = Release|Any CPU
	EndGlobalSection
	GlobalSection(SolutionProperties) = preSolution
		HideSolutionNode = FALSE
	EndGlobalSection
	GlobalSection(ExtensibilityGlobals) = postSolution
		SolutionGuid = {A908E474-0A2B-4BA1-A399-CF4B48801D04}
	EndGlobalSection
EndGlobal
